
Microsoft Visual Studio Solution File, Format Version 12.00
# Visual Studio Version 17
VisualStudioVersion = 17.9.34728.123
MinimumVisualStudioVersion = 10.0.40219.1
Project("{FAE04EC0-301F-11D3-BF4B-00C04F79EFBC}") = "Db-test-project", "Db-test-project\Db-test-project.csproj", "{58AE0299-5D0E-4D34-9D0E-2156629602B0}"
EndProject
Global
	GlobalSection(SolutionConfigurationPlatforms) = preSolution
		Debug|Any CPU = Debug|Any CPU
		Release|Any CPU = Release|Any CPU
	EndGlobalSection
	GlobalSection(ProjectConfigurationPlatforms) = postSolution
		{58AE0299-5D0E-4D34-9D0E-2156629602B0}.Debug|Any CPU.ActiveCfg = Debug|Any CPU
		{58AE0299-5D0E-4D34-9D0E-2156629602B0}.Debug|Any CPU.Build.0 = Debug|Any CPU
		{58AE0299-5D0E-4D34-9D0E-2156629602B0}.Release|Any CPU.ActiveCfg = Release|Any CPU
		{58AE0299-5D0E-4D34-9D0E-2156629602B0}.Release|Any CPU.Build.0 = Release|Any CPU
	EndGlobalSection
	GlobalSection(SolutionProperties) = preSolution
		HideSolutionNode = FALSE
	EndGlobalSection
	GlobalSection(ExtensibilityGlobals) = postSolution
		SolutionGuid = {359E8374-FA36-46D2-A4F0-71E15D18E2AD}
	EndGlobalSection
EndGlobal
